// !$*UTF8*$!
{
	archiveVersion = 1;
	classes = {
	};
	objectVersion = 56;
	objects = {

/* Begin PBXBuildFile section */
		9900E1892B9B8EB5002E372E /* PhotoEditorViewController.swift in Sources */ = {isa = PBXBuildFile; fileRef = 9900E1882B9B8EB5002E372E /* PhotoEditorViewController.swift */; };
		9900E1912B9C91FE002E372E /* CookieClickerViewController.swift in Sources */ = {isa = PBXBuildFile; fileRef = 9900E1902B9C91FE002E372E /* CookieClickerViewController.swift */; };
		9902892B2B9B3D180016D8C3 /* SoundSettingsViewController.swift in Sources */ = {isa = PBXBuildFile; fileRef = 9902892A2B9B3D180016D8C3 /* SoundSettingsViewController.swift */; };
		990EBBDD2C0794720059A612 /* RemindersController.swift in Sources */ = {isa = PBXBuildFile; fileRef = 990EBBDC2C0794720059A612 /* RemindersController.swift */; };
		991373B82C0F036A006D1A8D /* Model.swift in Sources */ = {isa = PBXBuildFile; fileRef = 991373B72C0F036A006D1A8D /* Model.swift */; };
		9914AD7C2B94735C00202CAC /* AppDelegate.swift in Sources */ = {isa = PBXBuildFile; fileRef = 9914AD7B2B94735C00202CAC /* AppDelegate.swift */; };
		9914AD7E2B94735C00202CAC /* SceneDelegate.swift in Sources */ = {isa = PBXBuildFile; fileRef = 9914AD7D2B94735C00202CAC /* SceneDelegate.swift */; };
		9914AD802B94735C00202CAC /* WelcomeViewController.swift in Sources */ = {isa = PBXBuildFile; fileRef = 9914AD7F2B94735C00202CAC /* WelcomeViewController.swift */; };
		9914AD832B94735C00202CAC /* Main.storyboard in Resources */ = {isa = PBXBuildFile; fileRef = 9914AD812B94735C00202CAC /* Main.storyboard */; };
		9914AD852B94735E00202CAC /* Assets.xcassets in Resources */ = {isa = PBXBuildFile; fileRef = 9914AD842B94735E00202CAC /* Assets.xcassets */; };
		9914AD882B94735E00202CAC /* LaunchScreen.storyboard in Resources */ = {isa = PBXBuildFile; fileRef = 9914AD862B94735E00202CAC /* LaunchScreen.storyboard */; };
		991F2B4B2D216EB5002D992C /* MusicPlayerViewController.swift in Sources */ = {isa = PBXBuildFile; fileRef = 991F2B492D216EB5002D992C /* MusicPlayerViewController.swift */; };
		991F2B4D2D216EE4002D992C /* AlbumModel.swift in Sources */ = {isa = PBXBuildFile; fileRef = 991F2B4C2D216EE4002D992C /* AlbumModel.swift */; };
		991F2B4F2D216F3C002D992C /* MusicCell.swift in Sources */ = {isa = PBXBuildFile; fileRef = 991F2B4E2D216F3C002D992C /* MusicCell.swift */; };
		991F2B512D217434002D992C /* MusicLoader.swift in Sources */ = {isa = PBXBuildFile; fileRef = 991F2B502D217434002D992C /* MusicLoader.swift */; };
		992486AB2D396F9D007D09F0 /* PeopleLoader.swift in Sources */ = {isa = PBXBuildFile; fileRef = 992486AA2D396F9D007D09F0 /* PeopleLoader.swift */; };
		99256C5F2BAE32FB003B2550 /* ImagePicker.swift in Sources */ = {isa = PBXBuildFile; fileRef = 99256C5E2BAE32FB003B2550 /* ImagePicker.swift */; };
		99256C632BAF0BF8003B2550 /* LastViewController.swift in Sources */ = {isa = PBXBuildFile; fileRef = 99256C622BAF0BF8003B2550 /* LastViewController.swift */; };
		9925D88C2D11A8CD0097A325 /* Contacts2TableViewController.swift in Sources */ = {isa = PBXBuildFile; fileRef = 9925D88A2D11A8CD0097A325 /* Contacts2TableViewController.swift */; };
		9925D88E2D11A8F00097A325 /* PersonModel.swift in Sources */ = {isa = PBXBuildFile; fileRef = 9925D88D2D11A8F00097A325 /* PersonModel.swift */; };
		9925D8922D11AA1F0097A325 /* ResultModel.swift in Sources */ = {isa = PBXBuildFile; fileRef = 9925D8912D11AA1F0097A325 /* ResultModel.swift */; };
		993179ED2BB81E630020A2D4 /* LifeDaysOne.swift in Sources */ = {isa = PBXBuildFile; fileRef = 993179EC2BB81E630020A2D4 /* LifeDaysOne.swift */; };
		993179EF2BB81EC90020A2D4 /* LifeDaysTwo.swift in Sources */ = {isa = PBXBuildFile; fileRef = 993179EE2BB81EC90020A2D4 /* LifeDaysTwo.swift */; };
		993F6F402C2C91B50071650D /* testtext.rtf in Resources */ = {isa = PBXBuildFile; fileRef = 993F6F3F2C2C91B50071650D /* testtext.rtf */; };
		993F6F422C2C92410071650D /* TypingtestViewController.swift in Sources */ = {isa = PBXBuildFile; fileRef = 993F6F412C2C92410071650D /* TypingtestViewController.swift */; };
		9950D8A52D4A31D7002C7E7C /* WKWebViewViewController.swift in Sources */ = {isa = PBXBuildFile; fileRef = 9950D8A42D4A31D7002C7E7C /* WKWebViewViewController.swift */; };
		9950D8AD2D4A3CD7002C7E7C /* BrowserViewController.swift in Sources */ = {isa = PBXBuildFile; fileRef = 9950D8AC2D4A3CD7002C7E7C /* BrowserViewController.swift */; };
		995182F32C0BAEC50064D136 /* RemindersTextPicker.swift in Sources */ = {isa = PBXBuildFile; fileRef = 995182F22C0BAEC50064D136 /* RemindersTextPicker.swift */; };
		9957C4072B9E02980054D61C /* ContactsViewController.swift in Sources */ = {isa = PBXBuildFile; fileRef = 9957C4062B9E02980054D61C /* ContactsViewController.swift */; };
		996539C92C1B2F3400602588 /* Покиньте Зал.mp3 in Resources */ = {isa = PBXBuildFile; fileRef = 996539C82C1B2F3400602588 /* Покиньте Зал.mp3 */; };
		996E7A122D0D7EBC0065F873 /* Animations.swift in Sources */ = {isa = PBXBuildFile; fileRef = 996E7A112D0D7EBC0065F873 /* Animations.swift */; };
		996F6B3B2CE65B5300958E3C /* CalculatorViewController.swift in Sources */ = {isa = PBXBuildFile; fileRef = 996F6B3A2CE65B5300958E3C /* CalculatorViewController.swift */; };
		997D2DDD2B9CDA3F007E394A /* CookieResultsViewController.swift in Sources */ = {isa = PBXBuildFile; fileRef = 997D2DDC2B9CDA3F007E394A /* CookieResultsViewController.swift */; };
		998245D42C1B42E300E13656 /* Тверская.mp3 in Resources */ = {isa = PBXBuildFile; fileRef = 998245CD2C1B42DD00E13656 /* Тверская.mp3 */; };
		998245D52C1B42E300E13656 /* Специфичный.mp3 in Resources */ = {isa = PBXBuildFile; fileRef = 998245CE2C1B42DE00E13656 /* Специфичный.mp3 */; };
		998245D62C1B42E300E13656 /* Audi Quattro 2021.mp3 in Resources */ = {isa = PBXBuildFile; fileRef = 998245CF2C1B42DF00E13656 /* Audi Quattro 2021.mp3 */; };
		998245D72C1B42E300E13656 /* Города.mp3 in Resources */ = {isa = PBXBuildFile; fileRef = 998245D02C1B42E000E13656 /* Города.mp3 */; };
		998245D82C1B42E300E13656 /* Onward Love.mp3 in Resources */ = {isa = PBXBuildFile; fileRef = 998245D12C1B42E100E13656 /* Onward Love.mp3 */; };
		998245D92C1B42E300E13656 /* Action.mp3 in Resources */ = {isa = PBXBuildFile; fileRef = 998245D22C1B42E200E13656 /* Action.mp3 */; };
		998245DA2C1B42E300E13656 /* Audi Quattro.mp3 in Resources */ = {isa = PBXBuildFile; fileRef = 998245D32C1B42E300E13656 /* Audi Quattro.mp3 */; };
		998245DC2C1B42F100E13656 /* СИНИЙ AUDI.mp3 in Resources */ = {isa = PBXBuildFile; fileRef = 998245DB2C1B42F100E13656 /* СИНИЙ AUDI.mp3 */; };
		998245DE2C1B431200E13656 /* Заключительная.wav in Resources */ = {isa = PBXBuildFile; fileRef = 998245DD2C1B431200E13656 /* Заключительная.wav */; };
		998245E02C1B43C300E13656 /* 10 FAULTS.mp3 in Resources */ = {isa = PBXBuildFile; fileRef = 998245DF2C1B43C300E13656 /* 10 FAULTS.mp3 */; };
		9985A7342D1B22F500C82783 /* ResultTableCell.swift in Sources */ = {isa = PBXBuildFile; fileRef = 9985A7332D1B22F500C82783 /* ResultTableCell.swift */; };
		9993052F2D06BCBA00E8651D /* AnimationTestViewController.swift in Sources */ = {isa = PBXBuildFile; fileRef = 9993052E2D06BCBA00E8651D /* AnimationTestViewController.swift */; };
		999342512D0C9DCA00C42687 /* IQKeyboardManagerSwift in Frameworks */ = {isa = PBXBuildFile; productRef = 999342502D0C9DCA00C42687 /* IQKeyboardManagerSwift */; };
		99948A3A2BAB327200A4D34E /* Ninth(1)ViewController.swift in Sources */ = {isa = PBXBuildFile; fileRef = 99948A392BAB327200A4D34E /* Ninth(1)ViewController.swift */; };
		99948A3C2BAC1EA800A4D34E /* PageViewController.swift in Sources */ = {isa = PBXBuildFile; fileRef = 99948A3B2BAC1EA800A4D34E /* PageViewController.swift */; };
		99948A3E2BAC1EC500A4D34E /* TextScrollViewController.swift in Sources */ = {isa = PBXBuildFile; fileRef = 99948A3D2BAC1EC500A4D34E /* TextScrollViewController.swift */; };
		99948A4E2BAD916400A4D34E /* TabViewController.swift in Sources */ = {isa = PBXBuildFile; fileRef = 99948A4D2BAD916400A4D34E /* TabViewController.swift */; };
		9998E1932C19D20D00A353FD /* ambient.mp3 in Resources */ = {isa = PBXBuildFile; fileRef = 9998E1922C19D20C00A353FD /* ambient.mp3 */; };
		9998E1972C19E99100A353FD /* DiceGameViewController.swift in Sources */ = {isa = PBXBuildFile; fileRef = 9998E1962C19E99100A353FD /* DiceGameViewController.swift */; };
		99A96A012D241F18009CE917 /* DiceModel.swift in Sources */ = {isa = PBXBuildFile; fileRef = 99A96A002D241F18009CE917 /* DiceModel.swift */; };
		99A96A032D242A67009CE917 /* ThemeModel.swift in Sources */ = {isa = PBXBuildFile; fileRef = 99A96A022D242A67009CE917 /* ThemeModel.swift */; };
		99A96A092D247840009CE917 /* QuizViewController.swift in Sources */ = {isa = PBXBuildFile; fileRef = 99A96A082D247840009CE917 /* QuizViewController.swift */; };
		99A96A0B2D24786D009CE917 /* QuizDescriptionViewController.swift in Sources */ = {isa = PBXBuildFile; fileRef = 99A96A0A2D24786D009CE917 /* QuizDescriptionViewController.swift */; };
		99A96A112D247BFD009CE917 /* QuizQuestionViewController.swift in Sources */ = {isa = PBXBuildFile; fileRef = 99A96A102D247BFD009CE917 /* QuizQuestionViewController.swift */; };
		99A96A132D25577A009CE917 /* QuizFactory.swift in Sources */ = {isa = PBXBuildFile; fileRef = 99A96A122D25577A009CE917 /* QuizFactory.swift */; };
		99AB36F52BC5C18100C5E520 /* NamesCompTwo.swift in Sources */ = {isa = PBXBuildFile; fileRef = 99AB36F42BC5C18100C5E520 /* NamesCompTwo.swift */; };
		99AB36F72BC5C18B00C5E520 /* NamesCompOne.swift in Sources */ = {isa = PBXBuildFile; fileRef = 99AB36F62BC5C18B00C5E520 /* NamesCompOne.swift */; };
		99C44D002D0F2DC000A7A7C0 /* IQKeyboardManagerSwift in Frameworks */ = {isa = PBXBuildFile; productRef = 99C44CFF2D0F2DC000A7A7C0 /* IQKeyboardManagerSwift */; };
		99C507BB2B9A2A6F00076A8B /* IQTestViewController.swift in Sources */ = {isa = PBXBuildFile; fileRef = 99C507BA2B9A2A6F00076A8B /* IQTestViewController.swift */; };
		99D1C8772D13349700CAE9FD /* NavigationViewController.swift in Sources */ = {isa = PBXBuildFile; fileRef = 99D1C8762D13349700CAE9FD /* NavigationViewController.swift */; };
		99D4E13A2DA683F4000D29C7 /* FlowLayoutViewController.swift in Sources */ = {isa = PBXBuildFile; fileRef = 99D4E1392DA683F4000D29C7 /* FlowLayoutViewController.swift */; };
		99D4E13D2DA6847E000D29C7 /* GeometricParams.swift in Sources */ = {isa = PBXBuildFile; fileRef = 99D4E13C2DA6847E000D29C7 /* GeometricParams.swift */; };
		99D4E13F2DA68497000D29C7 /* ColorCell.swift in Sources */ = {isa = PBXBuildFile; fileRef = 99D4E13E2DA68497000D29C7 /* ColorCell.swift */; };
		99D4E1412DA684BE000D29C7 /* FlowLayoutService.swift in Sources */ = {isa = PBXBuildFile; fileRef = 99D4E1402DA684BE000D29C7 /* FlowLayoutService.swift */; };
		99D4E1432DA6941C000D29C7 /* StoryboardIDs.swift in Sources */ = {isa = PBXBuildFile; fileRef = 99D4E1422DA6941C000D29C7 /* StoryboardIDs.swift */; };
		99F758AB2BA1EAE30068F192 /* PersonViewCell.swift in Sources */ = {isa = PBXBuildFile; fileRef = 99F758AA2BA1EAE30068F192 /* PersonViewCell.swift */; };
		99F9599A2CB437C7001BF337 /* QuizResultViewController.swift in Sources */ = {isa = PBXBuildFile; fileRef = 99F959992CB437C7001BF337 /* QuizResultViewController.swift */; };
/* End PBXBuildFile section */

/* Begin PBXFileReference section */
		9900E1882B9B8EB5002E372E /* PhotoEditorViewController.swift */ = {isa = PBXFileReference; lastKnownFileType = sourcecode.swift; path = PhotoEditorViewController.swift; sourceTree = "<group>"; };
		9900E1902B9C91FE002E372E /* CookieClickerViewController.swift */ = {isa = PBXFileReference; lastKnownFileType = sourcecode.swift; path = CookieClickerViewController.swift; sourceTree = "<group>"; };
		9902892A2B9B3D180016D8C3 /* SoundSettingsViewController.swift */ = {isa = PBXFileReference; lastKnownFileType = sourcecode.swift; path = SoundSettingsViewController.swift; sourceTree = "<group>"; };
		990EBBDC2C0794720059A612 /* RemindersController.swift */ = {isa = PBXFileReference; lastKnownFileType = sourcecode.swift; path = RemindersController.swift; sourceTree = "<group>"; };
		991373B72C0F036A006D1A8D /* Model.swift */ = {isa = PBXFileReference; lastKnownFileType = sourcecode.swift; path = Model.swift; sourceTree = "<group>"; };
		9914AD782B94735C00202CAC /* My First App.app */ = {isa = PBXFileReference; explicitFileType = wrapper.application; includeInIndex = 0; path = "My First App.app"; sourceTree = BUILT_PRODUCTS_DIR; };
		9914AD7B2B94735C00202CAC /* AppDelegate.swift */ = {isa = PBXFileReference; lastKnownFileType = sourcecode.swift; path = AppDelegate.swift; sourceTree = "<group>"; };
		9914AD7D2B94735C00202CAC /* SceneDelegate.swift */ = {isa = PBXFileReference; lastKnownFileType = sourcecode.swift; path = SceneDelegate.swift; sourceTree = "<group>"; };
		9914AD7F2B94735C00202CAC /* WelcomeViewController.swift */ = {isa = PBXFileReference; lastKnownFileType = sourcecode.swift; path = WelcomeViewController.swift; sourceTree = "<group>"; };
		9914AD822B94735C00202CAC /* Base */ = {isa = PBXFileReference; lastKnownFileType = file.storyboard; name = Base; path = Base.lproj/Main.storyboard; sourceTree = "<group>"; };
		9914AD842B94735E00202CAC /* Assets.xcassets */ = {isa = PBXFileReference; lastKnownFileType = folder.assetcatalog; path = Assets.xcassets; sourceTree = "<group>"; };
		9914AD872B94735E00202CAC /* Base */ = {isa = PBXFileReference; lastKnownFileType = file.storyboard; name = Base; path = Base.lproj/LaunchScreen.storyboard; sourceTree = "<group>"; };
		9914AD892B94735E00202CAC /* Info.plist */ = {isa = PBXFileReference; lastKnownFileType = text.plist.xml; path = Info.plist; sourceTree = "<group>"; };
		991F2B492D216EB5002D992C /* MusicPlayerViewController.swift */ = {isa = PBXFileReference; lastKnownFileType = sourcecode.swift; path = MusicPlayerViewController.swift; sourceTree = "<group>"; };
		991F2B4C2D216EE4002D992C /* AlbumModel.swift */ = {isa = PBXFileReference; lastKnownFileType = sourcecode.swift; path = AlbumModel.swift; sourceTree = "<group>"; };
		991F2B4E2D216F3C002D992C /* MusicCell.swift */ = {isa = PBXFileReference; lastKnownFileType = sourcecode.swift; path = MusicCell.swift; sourceTree = "<group>"; };
		991F2B502D217434002D992C /* MusicLoader.swift */ = {isa = PBXFileReference; lastKnownFileType = sourcecode.swift; path = MusicLoader.swift; sourceTree = "<group>"; };
		992486AA2D396F9D007D09F0 /* PeopleLoader.swift */ = {isa = PBXFileReference; lastKnownFileType = sourcecode.swift; path = PeopleLoader.swift; sourceTree = "<group>"; };
		99256C5E2BAE32FB003B2550 /* ImagePicker.swift */ = {isa = PBXFileReference; lastKnownFileType = sourcecode.swift; path = ImagePicker.swift; sourceTree = "<group>"; };
		99256C622BAF0BF8003B2550 /* LastViewController.swift */ = {isa = PBXFileReference; lastKnownFileType = sourcecode.swift; path = LastViewController.swift; sourceTree = "<group>"; };
		9925D88A2D11A8CD0097A325 /* Contacts2TableViewController.swift */ = {isa = PBXFileReference; lastKnownFileType = sourcecode.swift; path = Contacts2TableViewController.swift; sourceTree = "<group>"; };
		9925D88D2D11A8F00097A325 /* PersonModel.swift */ = {isa = PBXFileReference; lastKnownFileType = sourcecode.swift; path = PersonModel.swift; sourceTree = "<group>"; };
		9925D8912D11AA1F0097A325 /* ResultModel.swift */ = {isa = PBXFileReference; lastKnownFileType = sourcecode.swift; path = ResultModel.swift; sourceTree = "<group>"; };
		993179EC2BB81E630020A2D4 /* LifeDaysOne.swift */ = {isa = PBXFileReference; fileEncoding = 4; lastKnownFileType = sourcecode.swift; path = LifeDaysOne.swift; sourceTree = "<group>"; };
		993179EE2BB81EC90020A2D4 /* LifeDaysTwo.swift */ = {isa = PBXFileReference; fileEncoding = 4; lastKnownFileType = sourcecode.swift; path = LifeDaysTwo.swift; sourceTree = "<group>"; };
		993F6F3F2C2C91B50071650D /* testtext.rtf */ = {isa = PBXFileReference; fileEncoding = 4; lastKnownFileType = text.rtf; path = testtext.rtf; sourceTree = "<group>"; };
		993F6F412C2C92410071650D /* TypingtestViewController.swift */ = {isa = PBXFileReference; lastKnownFileType = sourcecode.swift; path = TypingtestViewController.swift; sourceTree = "<group>"; };
		9950D8A42D4A31D7002C7E7C /* WKWebViewViewController.swift */ = {isa = PBXFileReference; lastKnownFileType = sourcecode.swift; path = WKWebViewViewController.swift; sourceTree = "<group>"; };
		9950D8AC2D4A3CD7002C7E7C /* BrowserViewController.swift */ = {isa = PBXFileReference; lastKnownFileType = sourcecode.swift; path = BrowserViewController.swift; sourceTree = "<group>"; };
		995182F22C0BAEC50064D136 /* RemindersTextPicker.swift */ = {isa = PBXFileReference; lastKnownFileType = sourcecode.swift; path = RemindersTextPicker.swift; sourceTree = "<group>"; };
		9957C4062B9E02980054D61C /* ContactsViewController.swift */ = {isa = PBXFileReference; lastKnownFileType = sourcecode.swift; path = ContactsViewController.swift; sourceTree = "<group>"; };
		996539C82C1B2F3400602588 /* Покиньте Зал.mp3 */ = {isa = PBXFileReference; lastKnownFileType = audio.mp3; path = "Покиньте Зал.mp3"; sourceTree = "<group>"; };
		996E7A112D0D7EBC0065F873 /* Animations.swift */ = {isa = PBXFileReference; lastKnownFileType = sourcecode.swift; path = Animations.swift; sourceTree = "<group>"; };
		996F6B3A2CE65B5300958E3C /* CalculatorViewController.swift */ = {isa = PBXFileReference; lastKnownFileType = sourcecode.swift; path = CalculatorViewController.swift; sourceTree = "<group>"; };
		997D2DDC2B9CDA3F007E394A /* CookieResultsViewController.swift */ = {isa = PBXFileReference; lastKnownFileType = sourcecode.swift; path = CookieResultsViewController.swift; sourceTree = "<group>"; };
		998245CD2C1B42DD00E13656 /* Тверская.mp3 */ = {isa = PBXFileReference; lastKnownFileType = audio.mp3; path = "Тверская.mp3"; sourceTree = "<group>"; };
		998245CE2C1B42DE00E13656 /* Специфичный.mp3 */ = {isa = PBXFileReference; lastKnownFileType = audio.mp3; path = "Специфичный.mp3"; sourceTree = "<group>"; };
		998245CF2C1B42DF00E13656 /* Audi Quattro 2021.mp3 */ = {isa = PBXFileReference; lastKnownFileType = audio.mp3; path = "Audi Quattro 2021.mp3"; sourceTree = "<group>"; };
		998245D02C1B42E000E13656 /* Города.mp3 */ = {isa = PBXFileReference; lastKnownFileType = audio.mp3; path = "Города.mp3"; sourceTree = "<group>"; };
		998245D12C1B42E100E13656 /* Onward Love.mp3 */ = {isa = PBXFileReference; lastKnownFileType = audio.mp3; path = "Onward Love.mp3"; sourceTree = "<group>"; };
		998245D22C1B42E200E13656 /* Action.mp3 */ = {isa = PBXFileReference; lastKnownFileType = audio.mp3; path = Action.mp3; sourceTree = "<group>"; };
		998245D32C1B42E300E13656 /* Audi Quattro.mp3 */ = {isa = PBXFileReference; lastKnownFileType = audio.mp3; path = "Audi Quattro.mp3"; sourceTree = "<group>"; };
		998245DB2C1B42F100E13656 /* СИНИЙ AUDI.mp3 */ = {isa = PBXFileReference; lastKnownFileType = audio.mp3; path = "СИНИЙ AUDI.mp3"; sourceTree = "<group>"; };
		998245DD2C1B431200E13656 /* Заключительная.wav */ = {isa = PBXFileReference; lastKnownFileType = audio.wav; path = "Заключительная.wav"; sourceTree = "<group>"; };
		998245DF2C1B43C300E13656 /* 10 FAULTS.mp3 */ = {isa = PBXFileReference; lastKnownFileType = audio.mp3; path = "10 FAULTS.mp3"; sourceTree = "<group>"; };
		9985A7332D1B22F500C82783 /* ResultTableCell.swift */ = {isa = PBXFileReference; lastKnownFileType = sourcecode.swift; path = ResultTableCell.swift; sourceTree = "<group>"; };
		9993052E2D06BCBA00E8651D /* AnimationTestViewController.swift */ = {isa = PBXFileReference; lastKnownFileType = sourcecode.swift; path = AnimationTestViewController.swift; sourceTree = "<group>"; };
		99948A392BAB327200A4D34E /* Ninth(1)ViewController.swift */ = {isa = PBXFileReference; lastKnownFileType = sourcecode.swift; path = "Ninth(1)ViewController.swift"; sourceTree = "<group>"; };
		99948A3B2BAC1EA800A4D34E /* PageViewController.swift */ = {isa = PBXFileReference; lastKnownFileType = sourcecode.swift; path = PageViewController.swift; sourceTree = "<group>"; };
		99948A3D2BAC1EC500A4D34E /* TextScrollViewController.swift */ = {isa = PBXFileReference; lastKnownFileType = sourcecode.swift; path = TextScrollViewController.swift; sourceTree = "<group>"; };
		99948A4D2BAD916400A4D34E /* TabViewController.swift */ = {isa = PBXFileReference; lastKnownFileType = sourcecode.swift; path = TabViewController.swift; sourceTree = "<group>"; };
		9998E1922C19D20C00A353FD /* ambient.mp3 */ = {isa = PBXFileReference; lastKnownFileType = audio.mp3; path = ambient.mp3; sourceTree = "<group>"; };
		9998E1962C19E99100A353FD /* DiceGameViewController.swift */ = {isa = PBXFileReference; lastKnownFileType = sourcecode.swift; path = DiceGameViewController.swift; sourceTree = "<group>"; };
		99A96A002D241F18009CE917 /* DiceModel.swift */ = {isa = PBXFileReference; lastKnownFileType = sourcecode.swift; path = DiceModel.swift; sourceTree = "<group>"; };
		99A96A022D242A67009CE917 /* ThemeModel.swift */ = {isa = PBXFileReference; lastKnownFileType = sourcecode.swift; path = ThemeModel.swift; sourceTree = "<group>"; };
		99A96A082D247840009CE917 /* QuizViewController.swift */ = {isa = PBXFileReference; lastKnownFileType = sourcecode.swift; path = QuizViewController.swift; sourceTree = "<group>"; };
		99A96A0A2D24786D009CE917 /* QuizDescriptionViewController.swift */ = {isa = PBXFileReference; lastKnownFileType = sourcecode.swift; path = QuizDescriptionViewController.swift; sourceTree = "<group>"; };
		99A96A102D247BFD009CE917 /* QuizQuestionViewController.swift */ = {isa = PBXFileReference; lastKnownFileType = sourcecode.swift; path = QuizQuestionViewController.swift; sourceTree = "<group>"; };
		99A96A122D25577A009CE917 /* QuizFactory.swift */ = {isa = PBXFileReference; lastKnownFileType = sourcecode.swift; path = QuizFactory.swift; sourceTree = "<group>"; };
		99AB36F42BC5C18100C5E520 /* NamesCompTwo.swift */ = {isa = PBXFileReference; fileEncoding = 4; lastKnownFileType = sourcecode.swift; path = NamesCompTwo.swift; sourceTree = "<group>"; };
		99AB36F62BC5C18B00C5E520 /* NamesCompOne.swift */ = {isa = PBXFileReference; fileEncoding = 4; lastKnownFileType = sourcecode.swift; path = NamesCompOne.swift; sourceTree = "<group>"; };
		99C507BA2B9A2A6F00076A8B /* IQTestViewController.swift */ = {isa = PBXFileReference; lastKnownFileType = sourcecode.swift; path = IQTestViewController.swift; sourceTree = "<group>"; };
		99D1C8762D13349700CAE9FD /* NavigationViewController.swift */ = {isa = PBXFileReference; lastKnownFileType = sourcecode.swift; path = NavigationViewController.swift; sourceTree = "<group>"; };
		99D4E1392DA683F4000D29C7 /* FlowLayoutViewController.swift */ = {isa = PBXFileReference; lastKnownFileType = sourcecode.swift; path = FlowLayoutViewController.swift; sourceTree = "<group>"; };
		99D4E13C2DA6847E000D29C7 /* GeometricParams.swift */ = {isa = PBXFileReference; lastKnownFileType = sourcecode.swift; path = GeometricParams.swift; sourceTree = "<group>"; };
		99D4E13E2DA68497000D29C7 /* ColorCell.swift */ = {isa = PBXFileReference; lastKnownFileType = sourcecode.swift; path = ColorCell.swift; sourceTree = "<group>"; };
		99D4E1402DA684BE000D29C7 /* FlowLayoutService.swift */ = {isa = PBXFileReference; lastKnownFileType = sourcecode.swift; path = FlowLayoutService.swift; sourceTree = "<group>"; };
		99D4E1422DA6941C000D29C7 /* StoryboardIDs.swift */ = {isa = PBXFileReference; lastKnownFileType = sourcecode.swift; path = StoryboardIDs.swift; sourceTree = "<group>"; };
		99F758AA2BA1EAE30068F192 /* PersonViewCell.swift */ = {isa = PBXFileReference; lastKnownFileType = sourcecode.swift; path = PersonViewCell.swift; sourceTree = "<group>"; };
		99F959992CB437C7001BF337 /* QuizResultViewController.swift */ = {isa = PBXFileReference; lastKnownFileType = sourcecode.swift; path = QuizResultViewController.swift; sourceTree = "<group>"; };
/* End PBXFileReference section */

/* Begin PBXFrameworksBuildPhase section */
		9914AD752B94735C00202CAC /* Frameworks */ = {
			isa = PBXFrameworksBuildPhase;
			buildActionMask = 2147483647;
			files = (
				999342512D0C9DCA00C42687 /* IQKeyboardManagerSwift in Frameworks */,
				99C44D002D0F2DC000A7A7C0 /* IQKeyboardManagerSwift in Frameworks */,
			);
			runOnlyForDeploymentPostprocessing = 0;
		};
/* End PBXFrameworksBuildPhase section */

/* Begin PBXGroup section */
		9914AD6F2B94735C00202CAC = {
			isa = PBXGroup;
			children = (
				9914AD7A2B94735C00202CAC /* My First App */,
				9914AD792B94735C00202CAC /* Products */,
			);
			sourceTree = "<group>";
		};
		9914AD792B94735C00202CAC /* Products */ = {
			isa = PBXGroup;
			children = (
				9914AD782B94735C00202CAC /* My First App.app */,
			);
			name = Products;
			sourceTree = "<group>";
		};
		9914AD7A2B94735C00202CAC /* My First App */ = {
			isa = PBXGroup;
			children = (
				9914AD7B2B94735C00202CAC /* AppDelegate.swift */,
				9914AD7D2B94735C00202CAC /* SceneDelegate.swift */,
				9925D88F2D11A9CC0097A325 /* Services */,
				9914AD7F2B94735C00202CAC /* WelcomeViewController.swift */,
				99D1C8762D13349700CAE9FD /* NavigationViewController.swift */,
				9993052E2D06BCBA00E8651D /* AnimationTestViewController.swift */,
				99D4E13B2DA6846A000D29C7 /* RandomColors */,
				9950D8AE2D4A4AA9002C7E7C /* Web */,
				9936A6A92C00C4C8002813F2 /* NamesComp */,
				9936A6A72C00C4B0002813F2 /* LifeDays */,
				995182F42C0BAECD0064D136 /* Reminders */,
				993F6F412C2C92410071650D /* TypingtestViewController.swift */,
				99A969FF2D241F09009CE917 /* Dice */,
				99C507BA2B9A2A6F00076A8B /* IQTestViewController.swift */,
				9902892A2B9B3D180016D8C3 /* SoundSettingsViewController.swift */,
				9900E1882B9B8EB5002E372E /* PhotoEditorViewController.swift */,
				9925D8902D11AA0B0097A325 /* Cookie Clicker */,
				9957C4062B9E02980054D61C /* ContactsViewController.swift */,
				9925D88B2D11A8CD0097A325 /* Contacts 2.0 */,
				991F2B4A2D216EB5002D992C /* ICE MUSIC */,
				99948A392BAB327200A4D34E /* Ninth(1)ViewController.swift */,
				99948A3B2BAC1EA800A4D34E /* PageViewController.swift */,
				99948A3D2BAC1EC500A4D34E /* TextScrollViewController.swift */,
				99948A4D2BAD916400A4D34E /* TabViewController.swift */,
				99256C622BAF0BF8003B2550 /* LastViewController.swift */,
				996F6B3D2CE65B7B00958E3C /* Quizice */,
				996F6B3A2CE65B5300958E3C /* CalculatorViewController.swift */,
				9914AD812B94735C00202CAC /* Main.storyboard */,
				9914AD842B94735E00202CAC /* Assets.xcassets */,
				996539C72C1B2EF400602588 /* Sounds */,
				9914AD862B94735E00202CAC /* LaunchScreen.storyboard */,
				9914AD892B94735E00202CAC /* Info.plist */,
				993F6F3F2C2C91B50071650D /* testtext.rtf */,
			);
			path = "My First App";
			sourceTree = "<group>";
		};
		991F2B4A2D216EB5002D992C /* ICE MUSIC */ = {
			isa = PBXGroup;
			children = (
				991F2B4C2D216EE4002D992C /* AlbumModel.swift */,
				991F2B502D217434002D992C /* MusicLoader.swift */,
				991F2B4E2D216F3C002D992C /* MusicCell.swift */,
				991F2B492D216EB5002D992C /* MusicPlayerViewController.swift */,
			);
			path = "ICE MUSIC";
			sourceTree = "<group>";
		};
		9925D88B2D11A8CD0097A325 /* Contacts 2.0 */ = {
			isa = PBXGroup;
			children = (
				9925D88D2D11A8F00097A325 /* PersonModel.swift */,
				992486AA2D396F9D007D09F0 /* PeopleLoader.swift */,
				99F758AA2BA1EAE30068F192 /* PersonViewCell.swift */,
				9925D88A2D11A8CD0097A325 /* Contacts2TableViewController.swift */,
			);
			path = "Contacts 2.0";
			sourceTree = "<group>";
		};
		9925D88F2D11A9CC0097A325 /* Services */ = {
			isa = PBXGroup;
			children = (
				996E7A112D0D7EBC0065F873 /* Animations.swift */,
				99256C5E2BAE32FB003B2550 /* ImagePicker.swift */,
				99D4E1422DA6941C000D29C7 /* StoryboardIDs.swift */,
			);
			path = Services;
			sourceTree = "<group>";
		};
		9925D8902D11AA0B0097A325 /* Cookie Clicker */ = {
			isa = PBXGroup;
			children = (
				9925D8912D11AA1F0097A325 /* ResultModel.swift */,
				9900E1902B9C91FE002E372E /* CookieClickerViewController.swift */,
				9985A7332D1B22F500C82783 /* ResultTableCell.swift */,
				997D2DDC2B9CDA3F007E394A /* CookieResultsViewController.swift */,
			);
			path = "Cookie Clicker";
			sourceTree = "<group>";
		};
		9936A6A72C00C4B0002813F2 /* LifeDays */ = {
			isa = PBXGroup;
			children = (
				993179EC2BB81E630020A2D4 /* LifeDaysOne.swift */,
				993179EE2BB81EC90020A2D4 /* LifeDaysTwo.swift */,
			);
			path = LifeDays;
			sourceTree = "<group>";
		};
		9936A6A92C00C4C8002813F2 /* NamesComp */ = {
			isa = PBXGroup;
			children = (
				99AB36F62BC5C18B00C5E520 /* NamesCompOne.swift */,
				99AB36F42BC5C18100C5E520 /* NamesCompTwo.swift */,
			);
			path = NamesComp;
			sourceTree = "<group>";
		};
		9950D8AE2D4A4AA9002C7E7C /* Web */ = {
			isa = PBXGroup;
			children = (
				9950D8AC2D4A3CD7002C7E7C /* BrowserViewController.swift */,
				9950D8A42D4A31D7002C7E7C /* WKWebViewViewController.swift */,
			);
			path = Web;
			sourceTree = "<group>";
		};
		995182F42C0BAECD0064D136 /* Reminders */ = {
			isa = PBXGroup;
			children = (
				990EBBDC2C0794720059A612 /* RemindersController.swift */,
				995182F22C0BAEC50064D136 /* RemindersTextPicker.swift */,
				991373B72C0F036A006D1A8D /* Model.swift */,
			);
			path = Reminders;
			sourceTree = "<group>";
		};
		996539C72C1B2EF400602588 /* Sounds */ = {
			isa = PBXGroup;
			children = (
				9998E1922C19D20C00A353FD /* ambient.mp3 */,
				996539C82C1B2F3400602588 /* Покиньте Зал.mp3 */,
				998245D32C1B42E300E13656 /* Audi Quattro.mp3 */,
				998245CF2C1B42DF00E13656 /* Audi Quattro 2021.mp3 */,
				998245DB2C1B42F100E13656 /* СИНИЙ AUDI.mp3 */,
				998245D22C1B42E200E13656 /* Action.mp3 */,
				998245CD2C1B42DD00E13656 /* Тверская.mp3 */,
				998245D02C1B42E000E13656 /* Города.mp3 */,
				998245CE2C1B42DE00E13656 /* Специфичный.mp3 */,
				998245D12C1B42E100E13656 /* Onward Love.mp3 */,
				998245DD2C1B431200E13656 /* Заключительная.wav */,
				998245DF2C1B43C300E13656 /* 10 FAULTS.mp3 */,
			);
			path = Sounds;
			sourceTree = "<group>";
		};
		996F6B3D2CE65B7B00958E3C /* Quizice */ = {
			isa = PBXGroup;
			children = (
				99A96A022D242A67009CE917 /* ThemeModel.swift */,
				99A96A122D25577A009CE917 /* QuizFactory.swift */,
				99A96A082D247840009CE917 /* QuizViewController.swift */,
				99A96A0A2D24786D009CE917 /* QuizDescriptionViewController.swift */,
				99A96A102D247BFD009CE917 /* QuizQuestionViewController.swift */,
				99F959992CB437C7001BF337 /* QuizResultViewController.swift */,
			);
			path = Quizice;
			sourceTree = "<group>";
		};
		99A969FF2D241F09009CE917 /* Dice */ = {
			isa = PBXGroup;
			children = (
				9998E1962C19E99100A353FD /* DiceGameViewController.swift */,
				99A96A002D241F18009CE917 /* DiceModel.swift */,
			);
			path = Dice;
			sourceTree = "<group>";
		};
		99D4E13B2DA6846A000D29C7 /* RandomColors */ = {
			isa = PBXGroup;
			children = (
				99D4E13C2DA6847E000D29C7 /* GeometricParams.swift */,
				99D4E13E2DA68497000D29C7 /* ColorCell.swift */,
				99D4E1402DA684BE000D29C7 /* FlowLayoutService.swift */,
				99D4E1392DA683F4000D29C7 /* FlowLayoutViewController.swift */,
			);
			path = RandomColors;
			sourceTree = "<group>";
		};
/* End PBXGroup section */

/* Begin PBXNativeTarget section */
		9914AD772B94735C00202CAC /* My First App */ = {
			isa = PBXNativeTarget;
			buildConfigurationList = 9914AD8C2B94735E00202CAC /* Build configuration list for PBXNativeTarget "My First App" */;
			buildPhases = (
				9914AD742B94735C00202CAC /* Sources */,
				9914AD752B94735C00202CAC /* Frameworks */,
				9914AD762B94735C00202CAC /* Resources */,
			);
			buildRules = (
			);
			dependencies = (
			);
			name = "My First App";
			productName = "My First App";
			productReference = 9914AD782B94735C00202CAC /* My First App.app */;
			productType = "com.apple.product-type.application";
		};
/* End PBXNativeTarget section */

/* Begin PBXProject section */
		9914AD702B94735C00202CAC /* Project object */ = {
			isa = PBXProject;
			attributes = {
				BuildIndependentTargetsInParallel = 1;
				LastSwiftUpdateCheck = 1520;
				LastUpgradeCheck = 1520;
				TargetAttributes = {
					9914AD772B94735C00202CAC = {
						CreatedOnToolsVersion = 15.2;
					};
				};
			};
			buildConfigurationList = 9914AD732B94735C00202CAC /* Build configuration list for PBXProject "My First App" */;
			compatibilityVersion = "Xcode 14.0";
			developmentRegion = en;
			hasScannedForEncodings = 0;
			knownRegions = (
				en,
				Base,
			);
			mainGroup = 9914AD6F2B94735C00202CAC;
			packageReferences = (
				9993424F2D0C9DCA00C42687 /* XCRemoteSwiftPackageReference "IQKeyboardManager" */,
			);
			productRefGroup = 9914AD792B94735C00202CAC /* Products */;
			projectDirPath = "";
			projectRoot = "";
			targets = (
				9914AD772B94735C00202CAC /* My First App */,
			);
		};
/* End PBXProject section */

/* Begin PBXResourcesBuildPhase section */
		9914AD762B94735C00202CAC /* Resources */ = {
			isa = PBXResourcesBuildPhase;
			buildActionMask = 2147483647;
			files = (
				9998E1932C19D20D00A353FD /* ambient.mp3 in Resources */,
				996539C92C1B2F3400602588 /* Покиньте Зал.mp3 in Resources */,
				998245D52C1B42E300E13656 /* Специфичный.mp3 in Resources */,
				998245E02C1B43C300E13656 /* 10 FAULTS.mp3 in Resources */,
				998245D82C1B42E300E13656 /* Onward Love.mp3 in Resources */,
				998245D72C1B42E300E13656 /* Города.mp3 in Resources */,
				998245D62C1B42E300E13656 /* Audi Quattro 2021.mp3 in Resources */,
				998245D42C1B42E300E13656 /* Тверская.mp3 in Resources */,
				9914AD882B94735E00202CAC /* LaunchScreen.storyboard in Resources */,
				998245DC2C1B42F100E13656 /* СИНИЙ AUDI.mp3 in Resources */,
				9914AD852B94735E00202CAC /* Assets.xcassets in Resources */,
				9914AD832B94735C00202CAC /* Main.storyboard in Resources */,
				998245D92C1B42E300E13656 /* Action.mp3 in Resources */,
				998245DA2C1B42E300E13656 /* Audi Quattro.mp3 in Resources */,
				993F6F402C2C91B50071650D /* testtext.rtf in Resources */,
				998245DE2C1B431200E13656 /* Заключительная.wav in Resources */,
			);
			runOnlyForDeploymentPostprocessing = 0;
		};
/* End PBXResourcesBuildPhase section */

/* Begin PBXSourcesBuildPhase section */
		9914AD742B94735C00202CAC /* Sources */ = {
			isa = PBXSourcesBuildPhase;
			buildActionMask = 2147483647;
			files = (
				991373B82C0F036A006D1A8D /* Model.swift in Sources */,
				99D4E13D2DA6847E000D29C7 /* GeometricParams.swift in Sources */,
				9900E1892B9B8EB5002E372E /* PhotoEditorViewController.swift in Sources */,
				995182F32C0BAEC50064D136 /* RemindersTextPicker.swift in Sources */,
				99A96A032D242A67009CE917 /* ThemeModel.swift in Sources */,
				99AB36F72BC5C18B00C5E520 /* NamesCompOne.swift in Sources */,
				99C507BB2B9A2A6F00076A8B /* IQTestViewController.swift in Sources */,
				9925D88E2D11A8F00097A325 /* PersonModel.swift in Sources */,
				9957C4072B9E02980054D61C /* ContactsViewController.swift in Sources */,
				9950D8A52D4A31D7002C7E7C /* WKWebViewViewController.swift in Sources */,
				991F2B4B2D216EB5002D992C /* MusicPlayerViewController.swift in Sources */,
				99A96A012D241F18009CE917 /* DiceModel.swift in Sources */,
				990EBBDD2C0794720059A612 /* RemindersController.swift in Sources */,
				9998E1972C19E99100A353FD /* DiceGameViewController.swift in Sources */,
				99D4E1412DA684BE000D29C7 /* FlowLayoutService.swift in Sources */,
				99D4E1432DA6941C000D29C7 /* StoryboardIDs.swift in Sources */,
				993179EF2BB81EC90020A2D4 /* LifeDaysTwo.swift in Sources */,
				99A96A092D247840009CE917 /* QuizViewController.swift in Sources */,
				99A96A0B2D24786D009CE917 /* QuizDescriptionViewController.swift in Sources */,
				9993052F2D06BCBA00E8651D /* AnimationTestViewController.swift in Sources */,
				99A96A132D25577A009CE917 /* QuizFactory.swift in Sources */,
				9925D88C2D11A8CD0097A325 /* Contacts2TableViewController.swift in Sources */,
				996E7A122D0D7EBC0065F873 /* Animations.swift in Sources */,
				991F2B4D2D216EE4002D992C /* AlbumModel.swift in Sources */,
				996F6B3B2CE65B5300958E3C /* CalculatorViewController.swift in Sources */,
				99D4E13F2DA68497000D29C7 /* ColorCell.swift in Sources */,
				9914AD802B94735C00202CAC /* WelcomeViewController.swift in Sources */,
				99948A3A2BAB327200A4D34E /* Ninth(1)ViewController.swift in Sources */,
				9950D8AD2D4A3CD7002C7E7C /* BrowserViewController.swift in Sources */,
				993179ED2BB81E630020A2D4 /* LifeDaysOne.swift in Sources */,
				991F2B4F2D216F3C002D992C /* MusicCell.swift in Sources */,
				99256C632BAF0BF8003B2550 /* LastViewController.swift in Sources */,
				99948A4E2BAD916400A4D34E /* TabViewController.swift in Sources */,
				993F6F422C2C92410071650D /* TypingtestViewController.swift in Sources */,
				99256C5F2BAE32FB003B2550 /* ImagePicker.swift in Sources */,
				99948A3E2BAC1EC500A4D34E /* TextScrollViewController.swift in Sources */,
				99D4E13A2DA683F4000D29C7 /* FlowLayoutViewController.swift in Sources */,
				99AB36F52BC5C18100C5E520 /* NamesCompTwo.swift in Sources */,
				99D1C8772D13349700CAE9FD /* NavigationViewController.swift in Sources */,
				992486AB2D396F9D007D09F0 /* PeopleLoader.swift in Sources */,
				99948A3C2BAC1EA800A4D34E /* PageViewController.swift in Sources */,
				997D2DDD2B9CDA3F007E394A /* CookieResultsViewController.swift in Sources */,
				99A96A112D247BFD009CE917 /* QuizQuestionViewController.swift in Sources */,
				9985A7342D1B22F500C82783 /* ResultTableCell.swift in Sources */,
				9925D8922D11AA1F0097A325 /* ResultModel.swift in Sources */,
				9902892B2B9B3D180016D8C3 /* SoundSettingsViewController.swift in Sources */,
				9914AD7C2B94735C00202CAC /* AppDelegate.swift in Sources */,
				99F9599A2CB437C7001BF337 /* QuizResultViewController.swift in Sources */,
				9914AD7E2B94735C00202CAC /* SceneDelegate.swift in Sources */,
				99F758AB2BA1EAE30068F192 /* PersonViewCell.swift in Sources */,
				9900E1912B9C91FE002E372E /* CookieClickerViewController.swift in Sources */,
				991F2B512D217434002D992C /* MusicLoader.swift in Sources */,
			);
			runOnlyForDeploymentPostprocessing = 0;
		};
/* End PBXSourcesBuildPhase section */

/* Begin PBXVariantGroup section */
		9914AD812B94735C00202CAC /* Main.storyboard */ = {
			isa = PBXVariantGroup;
			children = (
				9914AD822B94735C00202CAC /* Base */,
			);
			name = Main.storyboard;
			sourceTree = "<group>";
		};
		9914AD862B94735E00202CAC /* LaunchScreen.storyboard */ = {
			isa = PBXVariantGroup;
			children = (
				9914AD872B94735E00202CAC /* Base */,
			);
			name = LaunchScreen.storyboard;
			sourceTree = "<group>";
		};
/* End PBXVariantGroup section */

/* Begin XCBuildConfiguration section */
		9914AD8A2B94735E00202CAC /* Debug */ = {
			isa = XCBuildConfiguration;
			buildSettings = {
				ALWAYS_SEARCH_USER_PATHS = NO;
				ASSETCATALOG_COMPILER_GENERATE_SWIFT_ASSET_SYMBOL_EXTENSIONS = YES;
				CLANG_ANALYZER_NONNULL = YES;
				CLANG_ANALYZER_NUMBER_OBJECT_CONVERSION = YES_AGGRESSIVE;
				CLANG_CXX_LANGUAGE_STANDARD = "gnu++20";
				CLANG_ENABLE_MODULES = YES;
				CLANG_ENABLE_OBJC_ARC = YES;
				CLANG_ENABLE_OBJC_WEAK = YES;
				CLANG_WARN_BLOCK_CAPTURE_AUTORELEASING = YES;
				CLANG_WARN_BOOL_CONVERSION = YES;
				CLANG_WARN_COMMA = YES;
				CLANG_WARN_CONSTANT_CONVERSION = YES;
				CLANG_WARN_DEPRECATED_OBJC_IMPLEMENTATIONS = YES;
				CLANG_WARN_DIRECT_OBJC_ISA_USAGE = YES_ERROR;
				CLANG_WARN_DOCUMENTATION_COMMENTS = YES;
				CLANG_WARN_EMPTY_BODY = YES;
				CLANG_WARN_ENUM_CONVERSION = YES;
				CLANG_WARN_INFINITE_RECURSION = YES;
				CLANG_WARN_INT_CONVERSION = YES;
				CLANG_WARN_NON_LITERAL_NULL_CONVERSION = YES;
				CLANG_WARN_OBJC_IMPLICIT_RETAIN_SELF = YES;
				CLANG_WARN_OBJC_LITERAL_CONVERSION = YES;
				CLANG_WARN_OBJC_ROOT_CLASS = YES_ERROR;
				CLANG_WARN_QUOTED_INCLUDE_IN_FRAMEWORK_HEADER = YES;
				CLANG_WARN_RANGE_LOOP_ANALYSIS = YES;
				CLANG_WARN_STRICT_PROTOTYPES = YES;
				CLANG_WARN_SUSPICIOUS_MOVE = YES;
				CLANG_WARN_UNGUARDED_AVAILABILITY = YES_AGGRESSIVE;
				CLANG_WARN_UNREACHABLE_CODE = YES;
				CLANG_WARN__DUPLICATE_METHOD_MATCH = YES;
				COPY_PHASE_STRIP = NO;
				DEBUG_INFORMATION_FORMAT = dwarf;
				ENABLE_STRICT_OBJC_MSGSEND = YES;
				ENABLE_TESTABILITY = YES;
				ENABLE_USER_SCRIPT_SANDBOXING = YES;
				GCC_C_LANGUAGE_STANDARD = gnu17;
				GCC_DYNAMIC_NO_PIC = NO;
				GCC_NO_COMMON_BLOCKS = YES;
				GCC_OPTIMIZATION_LEVEL = 0;
				GCC_PREPROCESSOR_DEFINITIONS = (
					"DEBUG=1",
					"$(inherited)",
				);
				GCC_WARN_64_TO_32_BIT_CONVERSION = YES;
				GCC_WARN_ABOUT_RETURN_TYPE = YES_ERROR;
				GCC_WARN_UNDECLARED_SELECTOR = YES;
				GCC_WARN_UNINITIALIZED_AUTOS = YES_AGGRESSIVE;
				GCC_WARN_UNUSED_FUNCTION = YES;
				GCC_WARN_UNUSED_VARIABLE = YES;
				IPHONEOS_DEPLOYMENT_TARGET = 17.2;
				LOCALIZATION_PREFERS_STRING_CATALOGS = YES;
				MTL_ENABLE_DEBUG_INFO = INCLUDE_SOURCE;
				MTL_FAST_MATH = YES;
				ONLY_ACTIVE_ARCH = YES;
				SDKROOT = iphoneos;
				SWIFT_ACTIVE_COMPILATION_CONDITIONS = "DEBUG $(inherited)";
				SWIFT_OPTIMIZATION_LEVEL = "-Onone";
			};
			name = Debug;
		};
		9914AD8B2B94735E00202CAC /* Release */ = {
			isa = XCBuildConfiguration;
			buildSettings = {
				ALWAYS_SEARCH_USER_PATHS = NO;
				ASSETCATALOG_COMPILER_GENERATE_SWIFT_ASSET_SYMBOL_EXTENSIONS = YES;
				CLANG_ANALYZER_NONNULL = YES;
				CLANG_ANALYZER_NUMBER_OBJECT_CONVERSION = YES_AGGRESSIVE;
				CLANG_CXX_LANGUAGE_STANDARD = "gnu++20";
				CLANG_ENABLE_MODULES = YES;
				CLANG_ENABLE_OBJC_ARC = YES;
				CLANG_ENABLE_OBJC_WEAK = YES;
				CLANG_WARN_BLOCK_CAPTURE_AUTORELEASING = YES;
				CLANG_WARN_BOOL_CONVERSION = YES;
				CLANG_WARN_COMMA = YES;
				CLANG_WARN_CONSTANT_CONVERSION = YES;
				CLANG_WARN_DEPRECATED_OBJC_IMPLEMENTATIONS = YES;
				CLANG_WARN_DIRECT_OBJC_ISA_USAGE = YES_ERROR;
				CLANG_WARN_DOCUMENTATION_COMMENTS = YES;
				CLANG_WARN_EMPTY_BODY = YES;
				CLANG_WARN_ENUM_CONVERSION = YES;
				CLANG_WARN_INFINITE_RECURSION = YES;
				CLANG_WARN_INT_CONVERSION = YES;
				CLANG_WARN_NON_LITERAL_NULL_CONVERSION = YES;
				CLANG_WARN_OBJC_IMPLICIT_RETAIN_SELF = YES;
				CLANG_WARN_OBJC_LITERAL_CONVERSION = YES;
				CLANG_WARN_OBJC_ROOT_CLASS = YES_ERROR;
				CLANG_WARN_QUOTED_INCLUDE_IN_FRAMEWORK_HEADER = YES;
				CLANG_WARN_RANGE_LOOP_ANALYSIS = YES;
				CLANG_WARN_STRICT_PROTOTYPES = YES;
				CLANG_WARN_SUSPICIOUS_MOVE = YES;
				CLANG_WARN_UNGUARDED_AVAILABILITY = YES_AGGRESSIVE;
				CLANG_WARN_UNREACHABLE_CODE = YES;
				CLANG_WARN__DUPLICATE_METHOD_MATCH = YES;
				COPY_PHASE_STRIP = NO;
				DEBUG_INFORMATION_FORMAT = "dwarf-with-dsym";
				ENABLE_NS_ASSERTIONS = NO;
				ENABLE_STRICT_OBJC_MSGSEND = YES;
				ENABLE_USER_SCRIPT_SANDBOXING = YES;
				GCC_C_LANGUAGE_STANDARD = gnu17;
				GCC_NO_COMMON_BLOCKS = YES;
				GCC_WARN_64_TO_32_BIT_CONVERSION = YES;
				GCC_WARN_ABOUT_RETURN_TYPE = YES_ERROR;
				GCC_WARN_UNDECLARED_SELECTOR = YES;
				GCC_WARN_UNINITIALIZED_AUTOS = YES_AGGRESSIVE;
				GCC_WARN_UNUSED_FUNCTION = YES;
				GCC_WARN_UNUSED_VARIABLE = YES;
				IPHONEOS_DEPLOYMENT_TARGET = 17.2;
				LOCALIZATION_PREFERS_STRING_CATALOGS = YES;
				MTL_ENABLE_DEBUG_INFO = NO;
				MTL_FAST_MATH = YES;
				SDKROOT = iphoneos;
				SWIFT_COMPILATION_MODE = wholemodule;
				VALIDATE_PRODUCT = YES;
			};
			name = Release;
		};
		9914AD8D2B94735E00202CAC /* Debug */ = {
			isa = XCBuildConfiguration;
			buildSettings = {
				ASSETCATALOG_COMPILER_APPICON_NAME = AppIcon;
				ASSETCATALOG_COMPILER_GLOBAL_ACCENT_COLOR_NAME = AccentColor;
				CODE_SIGN_STYLE = Automatic;
				CURRENT_PROJECT_VERSION = 1;
				DEVELOPMENT_TEAM = V459R55R59;
				GENERATE_INFOPLIST_FILE = YES;
				INFOPLIST_FILE = "My First App/Info.plist";
				INFOPLIST_KEY_NSCameraUsageDescription = "Для доступа к камере нужно разрешение";
				INFOPLIST_KEY_NSPhotoLibraryUsageDescription = "to save images into an app";
				INFOPLIST_KEY_UIApplicationSupportsIndirectInputEvents = YES;
				INFOPLIST_KEY_UILaunchStoryboardName = LaunchScreen.storyboard;
				INFOPLIST_KEY_UIMainStoryboardFile = Main;
				INFOPLIST_KEY_UISupportedInterfaceOrientations = "UIInterfaceOrientationPortrait UIInterfaceOrientationPortraitUpsideDown";
				INFOPLIST_KEY_UISupportedInterfaceOrientations_iPad = "UIInterfaceOrientationLandscapeLeft UIInterfaceOrientationLandscapeRight UIInterfaceOrientationPortrait UIInterfaceOrientationPortraitUpsideDown";
				IPHONEOS_DEPLOYMENT_TARGET = 18.0;
				LD_RUNPATH_SEARCH_PATHS = (
					"$(inherited)",
					"@executable_path/Frameworks",
				);
				MARKETING_VERSION = 1.0;
				PRODUCT_BUNDLE_IDENTIFIER = "Artyom-Tabenskiy.My-First-App";
				PRODUCT_NAME = "$(TARGET_NAME)";
				SUPPORTED_PLATFORMS = "iphoneos iphonesimulator";
				SUPPORTS_MACCATALYST = NO;
				SUPPORTS_MAC_DESIGNED_FOR_IPHONE_IPAD = NO;
				SUPPORTS_XR_DESIGNED_FOR_IPHONE_IPAD = NO;
				SWIFT_EMIT_LOC_STRINGS = YES;
				SWIFT_VERSION = 5.0;
				TARGETED_DEVICE_FAMILY = 1;
			};
			name = Debug;
		};
		9914AD8E2B94735E00202CAC /* Release */ = {
			isa = XCBuildConfiguration;
			buildSettings = {
				ASSETCATALOG_COMPILER_APPICON_NAME = AppIcon;
				ASSETCATALOG_COMPILER_GLOBAL_ACCENT_COLOR_NAME = AccentColor;
				CODE_SIGN_STYLE = Automatic;
				CURRENT_PROJECT_VERSION = 1;
				DEVELOPMENT_TEAM = V459R55R59;
				GENERATE_INFOPLIST_FILE = YES;
				INFOPLIST_FILE = "My First App/Info.plist";
				INFOPLIST_KEY_NSCameraUsageDescription = "Для доступа к камере нужно разрешение";
				INFOPLIST_KEY_NSPhotoLibraryUsageDescription = "to save images into an app";
				INFOPLIST_KEY_UIApplicationSupportsIndirectInputEvents = YES;
				INFOPLIST_KEY_UILaunchStoryboardName = LaunchScreen.storyboard;
				INFOPLIST_KEY_UIMainStoryboardFile = Main;
				INFOPLIST_KEY_UISupportedInterfaceOrientations = "UIInterfaceOrientationPortrait UIInterfaceOrientationPortraitUpsideDown";
				INFOPLIST_KEY_UISupportedInterfaceOrientations_iPad = "UIInterfaceOrientationLandscapeLeft UIInterfaceOrientationLandscapeRight UIInterfaceOrientationPortrait UIInterfaceOrientationPortraitUpsideDown";
				IPHONEOS_DEPLOYMENT_TARGET = 18.0;
				LD_RUNPATH_SEARCH_PATHS = (
					"$(inherited)",
					"@executable_path/Frameworks",
				);
				MARKETING_VERSION = 1.0;
				PRODUCT_BUNDLE_IDENTIFIER = "Artyom-Tabenskiy.My-First-App";
				PRODUCT_NAME = "$(TARGET_NAME)";
				SUPPORTED_PLATFORMS = "iphoneos iphonesimulator";
				SUPPORTS_MACCATALYST = NO;
				SUPPORTS_MAC_DESIGNED_FOR_IPHONE_IPAD = NO;
				SUPPORTS_XR_DESIGNED_FOR_IPHONE_IPAD = NO;
				SWIFT_EMIT_LOC_STRINGS = YES;
				SWIFT_VERSION = 5.0;
				TARGETED_DEVICE_FAMILY = 1;
			};
			name = Release;
		};
/* End XCBuildConfiguration section */

/* Begin XCConfigurationList section */
		9914AD732B94735C00202CAC /* Build configuration list for PBXProject "My First App" */ = {
			isa = XCConfigurationList;
			buildConfigurations = (
				9914AD8A2B94735E00202CAC /* Debug */,
				9914AD8B2B94735E00202CAC /* Release */,
			);
			defaultConfigurationIsVisible = 0;
			defaultConfigurationName = Release;
		};
		9914AD8C2B94735E00202CAC /* Build configuration list for PBXNativeTarget "My First App" */ = {
			isa = XCConfigurationList;
			buildConfigurations = (
				9914AD8D2B94735E00202CAC /* Debug */,
				9914AD8E2B94735E00202CAC /* Release */,
			);
			defaultConfigurationIsVisible = 0;
			defaultConfigurationName = Release;
		};
/* End XCConfigurationList section */

/* Begin XCRemoteSwiftPackageReference section */
		9993424F2D0C9DCA00C42687 /* XCRemoteSwiftPackageReference "IQKeyboardManager" */ = {
			isa = XCRemoteSwiftPackageReference;
			repositoryURL = "https://github.com/hackiftekhar/IQKeyboardManager.git";
			requirement = {
				kind = upToNextMajorVersion;
				minimumVersion = 8.0.0;
			};
		};
/* End XCRemoteSwiftPackageReference section */

/* Begin XCSwiftPackageProductDependency section */
		999342502D0C9DCA00C42687 /* IQKeyboardManagerSwift */ = {
			isa = XCSwiftPackageProductDependency;
			package = 9993424F2D0C9DCA00C42687 /* XCRemoteSwiftPackageReference "IQKeyboardManager" */;
			productName = IQKeyboardManagerSwift;
		};
		99C44CFF2D0F2DC000A7A7C0 /* IQKeyboardManagerSwift */ = {
			isa = XCSwiftPackageProductDependency;
			package = 9993424F2D0C9DCA00C42687 /* XCRemoteSwiftPackageReference "IQKeyboardManager" */;
			productName = IQKeyboardManagerSwift;
		};
/* End XCSwiftPackageProductDependency section */
	};
	rootObject = 9914AD702B94735C00202CAC /* Project object */;
}
